// !$*UTF8*$!
{
	archiveVersion = 1;
	classes = {
	};
	objectVersion = 50;
	objects = {

/* Begin PBXBuildFile section */
		752AC9D92485954E000A3557 /* AppDelegate.swift in Sources */ = {isa = PBXBuildFile; fileRef = 752AC9D82485954E000A3557 /* AppDelegate.swift */; };
		752AC9DB2485954E000A3557 /* SceneDelegate.swift in Sources */ = {isa = PBXBuildFile; fileRef = 752AC9DA2485954E000A3557 /* SceneDelegate.swift */; };
		752AC9DD2485954E000A3557 /* ViewController.swift in Sources */ = {isa = PBXBuildFile; fileRef = 752AC9DC2485954E000A3557 /* ViewController.swift */; };
		752AC9E02485954E000A3557 /* Main.storyboard in Resources */ = {isa = PBXBuildFile; fileRef = 752AC9DE2485954E000A3557 /* Main.storyboard */; };
		752AC9E224859550000A3557 /* Assets.xcassets in Resources */ = {isa = PBXBuildFile; fileRef = 752AC9E124859550000A3557 /* Assets.xcassets */; };
		752AC9E524859550000A3557 /* LaunchScreen.storyboard in Resources */ = {isa = PBXBuildFile; fileRef = 752AC9E324859550000A3557 /* LaunchScreen.storyboard */; };
		752AC9F024859551000A3557 /* PokemonTests.swift in Sources */ = {isa = PBXBuildFile; fileRef = 752AC9EF24859551000A3557 /* PokemonTests.swift */; };
		752AC9FB24859570000A3557 /* PokemonClass.swift in Sources */ = {isa = PBXBuildFile; fileRef = 752AC9FA24859570000A3557 /* PokemonClass.swift */; };
/* End PBXBuildFile section */

/* Begin PBXContainerItemProxy section */
		752AC9EC24859551000A3557 /* PBXContainerItemProxy */ = {
			isa = PBXContainerItemProxy;
			containerPortal = 752AC9CD2485954E000A3557 /* Project object */;
			proxyType = 1;
			remoteGlobalIDString = 752AC9D42485954E000A3557;
			remoteInfo = Pokemon;
		};
/* End PBXContainerItemProxy section */

/* Begin PBXFileReference section */
		752AC9D52485954E000A3557 /* Pokemon.app */ = {isa = PBXFileReference; explicitFileType = wrapper.application; includeInIndex = 0; path = Pokemon.app; sourceTree = BUILT_PRODUCTS_DIR; };
		752AC9D82485954E000A3557 /* AppDelegate.swift */ = {isa = PBXFileReference; lastKnownFileType = sourcecode.swift; path = AppDelegate.swift; sourceTree = "<group>"; };
		752AC9DA2485954E000A3557 /* SceneDelegate.swift */ = {isa = PBXFileReference; lastKnownFileType = sourcecode.swift; path = SceneDelegate.swift; sourceTree = "<group>"; };
		752AC9DC2485954E000A3557 /* ViewController.swift */ = {isa = PBXFileReference; lastKnownFileType = sourcecode.swift; path = ViewController.swift; sourceTree = "<group>"; };
		752AC9DF2485954E000A3557 /* Base */ = {isa = PBXFileReference; lastKnownFileType = file.storyboard; name = Base; path = Base.lproj/Main.storyboard; sourceTree = "<group>"; };
		752AC9E124859550000A3557 /* Assets.xcassets */ = {isa = PBXFileReference; lastKnownFileType = folder.assetcatalog; path = Assets.xcassets; sourceTree = "<group>"; };
		752AC9E424859550000A3557 /* Base */ = {isa = PBXFileReference; lastKnownFileType = file.storyboard; name = Base; path = Base.lproj/LaunchScreen.storyboard; sourceTree = "<group>"; };
		752AC9E624859550000A3557 /* Info.plist */ = {isa = PBXFileReference; lastKnownFileType = text.plist.xml; path = Info.plist; sourceTree = "<group>"; };
		752AC9EB24859551000A3557 /* PokemonTests.xctest */ = {isa = PBXFileReference; explicitFileType = wrapper.cfbundle; includeInIndex = 0; path = PokemonTests.xctest; sourceTree = BUILT_PRODUCTS_DIR; };
		752AC9EF24859551000A3557 /* PokemonTests.swift */ = {isa = PBXFileReference; lastKnownFileType = sourcecode.swift; path = PokemonTests.swift; sourceTree = "<group>"; };
		752AC9F124859551000A3557 /* Info.plist */ = {isa = PBXFileReference; lastKnownFileType = text.plist.xml; path = Info.plist; sourceTree = "<group>"; };
		752AC9FA24859570000A3557 /* PokemonClass.swift */ = {isa = PBXFileReference; lastKnownFileType = sourcecode.swift; path = PokemonClass.swift; sourceTree = "<group>"; };
/* End PBXFileReference section */

/* Begin PBXFrameworksBuildPhase section */
		752AC9D22485954E000A3557 /* Frameworks */ = {
			isa = PBXFrameworksBuildPhase;
			buildActionMask = 2147483647;
			files = (
			);
			runOnlyForDeploymentPostprocessing = 0;
		};
		752AC9E824859551000A3557 /* Frameworks */ = {
			isa = PBXFrameworksBuildPhase;
			buildActionMask = 2147483647;
			files = (
			);
			runOnlyForDeploymentPostprocessing = 0;
		};
/* End PBXFrameworksBuildPhase section */

/* Begin PBXGroup section */
		752AC9CC2485954E000A3557 = {
			isa = PBXGroup;
			children = (
				752AC9D72485954E000A3557 /* Pokemon */,
				752AC9EE24859551000A3557 /* PokemonTests */,
				752AC9D62485954E000A3557 /* Products */,
			);
			sourceTree = "<group>";
		};
		752AC9D62485954E000A3557 /* Products */ = {
			isa = PBXGroup;
			children = (
				752AC9D52485954E000A3557 /* Pokemon.app */,
				752AC9EB24859551000A3557 /* PokemonTests.xctest */,
			);
			name = Products;
			sourceTree = "<group>";
		};
		752AC9D72485954E000A3557 /* Pokemon */ = {
			isa = PBXGroup;
			children = (
				752AC9D82485954E000A3557 /* AppDelegate.swift */,
				752AC9DA2485954E000A3557 /* SceneDelegate.swift */,
				752AC9DC2485954E000A3557 /* ViewController.swift */,
				752AC9DE2485954E000A3557 /* Main.storyboard */,
				752AC9E124859550000A3557 /* Assets.xcassets */,
				752AC9E324859550000A3557 /* LaunchScreen.storyboard */,
				752AC9E624859550000A3557 /* Info.plist */,
				752AC9FA24859570000A3557 /* PokemonClass.swift */,
			);
			path = Pokemon;
			sourceTree = "<group>";
		};
		752AC9EE24859551000A3557 /* PokemonTests */ = {
			isa = PBXGroup;
			children = (
				752AC9EF24859551000A3557 /* PokemonTests.swift */,
				752AC9F124859551000A3557 /* Info.plist */,
			);
			path = PokemonTests;
			sourceTree = "<group>";
		};
/* End PBXGroup section */

/* Begin PBXNativeTarget section */
		752AC9D42485954E000A3557 /* Pokemon */ = {
			isa = PBXNativeTarget;
			buildConfigurationList = 752AC9F424859551000A3557 /* Build configuration list for PBXNativeTarget "Pokemon" */;
			buildPhases = (
				752AC9D12485954E000A3557 /* Sources */,
				752AC9D22485954E000A3557 /* Frameworks */,
				752AC9D32485954E000A3557 /* Resources */,
			);
			buildRules = (
			);
			dependencies = (
			);
			name = Pokemon;
			productName = Pokemon;
			productReference = 752AC9D52485954E000A3557 /* Pokemon.app */;
			productType = "com.apple.product-type.application";
		};
		752AC9EA24859551000A3557 /* PokemonTests */ = {
			isa = PBXNativeTarget;
			buildConfigurationList = 752AC9F724859551000A3557 /* Build configuration list for PBXNativeTarget "PokemonTests" */;
			buildPhases = (
				752AC9E724859551000A3557 /* Sources */,
				752AC9E824859551000A3557 /* Frameworks */,
				752AC9E924859551000A3557 /* Resources */,
			);
			buildRules = (
			);
			dependencies = (
				752AC9ED24859551000A3557 /* PBXTargetDependency */,
			);
			name = PokemonTests;
			productName = PokemonTests;
			productReference = 752AC9EB24859551000A3557 /* PokemonTests.xctest */;
			productType = "com.apple.product-type.bundle.unit-test";
		};
/* End PBXNativeTarget section */

/* Begin PBXProject section */
		752AC9CD2485954E000A3557 /* Project object */ = {
			isa = PBXProject;
			attributes = {
				LastSwiftUpdateCheck = 1130;
				LastUpgradeCheck = 1130;
				ORGANIZATIONNAME = "Thiago Magalhães Mendes Guimarães";
				TargetAttributes = {
					752AC9D42485954E000A3557 = {
						CreatedOnToolsVersion = 11.3.1;
					};
					752AC9EA24859551000A3557 = {
						CreatedOnToolsVersion = 11.3.1;
						TestTargetID = 752AC9D42485954E000A3557;
					};
				};
			};
			buildConfigurationList = 752AC9D02485954E000A3557 /* Build configuration list for PBXProject "Pokemon" */;
			compatibilityVersion = "Xcode 9.3";
			developmentRegion = en;
			hasScannedForEncodings = 0;
			knownRegions = (
				en,
				Base,
			);
			mainGroup = 752AC9CC2485954E000A3557;
			productRefGroup = 752AC9D62485954E000A3557 /* Products */;
			projectDirPath = "";
			projectRoot = "";
			targets = (
				752AC9D42485954E000A3557 /* Pokemon */,
				752AC9EA24859551000A3557 /* PokemonTests */,
			);
		};
/* End PBXProject section */

/* Begin PBXResourcesBuildPhase section */
		752AC9D32485954E000A3557 /* Resources */ = {
			isa = PBXResourcesBuildPhase;
			buildActionMask = 2147483647;
			files = (
				752AC9E524859550000A3557 /* LaunchScreen.storyboard in Resources */,
				752AC9E224859550000A3557 /* Assets.xcassets in Resources */,
				752AC9E02485954E000A3557 /* Main.storyboard in Resources */,
			);
			runOnlyForDeploymentPostprocessing = 0;
		};
		752AC9E924859551000A3557 /* Resources */ = {
			isa = PBXResourcesBuildPhase;
			buildActionMask = 2147483647;
			files = (
			);
			runOnlyForDeploymentPostprocessing = 0;
		};
/* End PBXResourcesBuildPhase section */

/* Begin PBXSourcesBuildPhase section */
		752AC9D12485954E000A3557 /* Sources */ = {
			isa = PBXSourcesBuildPhase;
			buildActionMask = 2147483647;
			files = (
				752AC9FB24859570000A3557 /* PokemonClass.swift in Sources */,
				752AC9DD2485954E000A3557 /* ViewController.swift in Sources */,
				752AC9D92485954E000A3557 /* AppDelegate.swift in Sources */,
				752AC9DB2485954E000A3557 /* SceneDelegate.swift in Sources */,
			);
			runOnlyForDeploymentPostprocessing = 0;
		};
		752AC9E724859551000A3557 /* Sources */ = {
			isa = PBXSourcesBuildPhase;
			buildActionMask = 2147483647;
			files = (
				752AC9F024859551000A3557 /* PokemonTests.swift in Sources */,
			);
			runOnlyForDeploymentPostprocessing = 0;
		};
/* End PBXSourcesBuildPhase section */

/* Begin PBXTargetDependency section */
		752AC9ED24859551000A3557 /* PBXTargetDependency */ = {
			isa = PBXTargetDependency;
			target = 752AC9D42485954E000A3557 /* Pokemon */;
			targetProxy = 752AC9EC24859551000A3557 /* PBXContainerItemProxy */;
		};
/* End PBXTargetDependency section */

/* Begin PBXVariantGroup section */
		752AC9DE2485954E000A3557 /* Main.storyboard */ = {
			isa = PBXVariantGroup;
			children = (
				752AC9DF2485954E000A3557 /* Base */,
			);
			name = Main.storyboard;
			sourceTree = "<group>";
		};
		752AC9E324859550000A3557 /* LaunchScreen.storyboard */ = {
			isa = PBXVariantGroup;
			children = (
				752AC9E424859550000A3557 /* Base */,
			);
			name = LaunchScreen.storyboard;
			sourceTree = "<group>";
		};
/* End PBXVariantGroup section */

/* Begin XCBuildConfiguration section */
		752AC9F224859551000A3557 /* Debug */ = {
			isa = XCBuildConfiguration;
			buildSettings = {
				ALWAYS_SEARCH_USER_PATHS = NO;
				CLANG_ANALYZER_NONNULL = YES;
				CLANG_ANALYZER_NUMBER_OBJECT_CONVERSION = YES_AGGRESSIVE;
				CLANG_CXX_LANGUAGE_STANDARD = "gnu++14";
				CLANG_CXX_LIBRARY = "libc++";
				CLANG_ENABLE_MODULES = YES;
				CLANG_ENABLE_OBJC_ARC = YES;
				CLANG_ENABLE_OBJC_WEAK = YES;
				CLANG_WARN_BLOCK_CAPTURE_AUTORELEASING = YES;
				CLANG_WARN_BOOL_CONVERSION = YES;
				CLANG_WARN_COMMA = YES;
				CLANG_WARN_CONSTANT_CONVERSION = YES;
				CLANG_WARN_DEPRECATED_OBJC_IMPLEMENTATIONS = YES;
				CLANG_WARN_DIRECT_OBJC_ISA_USAGE = YES_ERROR;
				CLANG_WARN_DOCUMENTATION_COMMENTS = YES;
				CLANG_WARN_EMPTY_BODY = YES;
				CLANG_WARN_ENUM_CONVERSION = YES;
				CLANG_WARN_INFINITE_RECURSION = YES;
				CLANG_WARN_INT_CONVERSION = YES;
				CLANG_WARN_NON_LITERAL_NULL_CONVERSION = YES;
				CLANG_WARN_OBJC_IMPLICIT_RETAIN_SELF = YES;
				CLANG_WARN_OBJC_LITERAL_CONVERSION = YES;
				CLANG_WARN_OBJC_ROOT_CLASS = YES_ERROR;
				CLANG_WARN_RANGE_LOOP_ANALYSIS = YES;
				CLANG_WARN_STRICT_PROTOTYPES = YES;
				CLANG_WARN_SUSPICIOUS_MOVE = YES;
				CLANG_WARN_UNGUARDED_AVAILABILITY = YES_AGGRESSIVE;
				CLANG_WARN_UNREACHABLE_CODE = YES;
				CLANG_WARN__DUPLICATE_METHOD_MATCH = YES;
				COPY_PHASE_STRIP = NO;
				DEBUG_INFORMATION_FORMAT = dwarf;
				ENABLE_STRICT_OBJC_MSGSEND = YES;
				ENABLE_TESTABILITY = YES;
				GCC_C_LANGUAGE_STANDARD = gnu11;
				GCC_DYNAMIC_NO_PIC = NO;
				GCC_NO_COMMON_BLOCKS = YES;
				GCC_OPTIMIZATION_LEVEL = 0;
				GCC_PREPROCESSOR_DEFINITIONS = (
					"DEBUG=1",
					"$(inherited)",
				);
				GCC_WARN_64_TO_32_BIT_CONVERSION = YES;
				GCC_WARN_ABOUT_RETURN_TYPE = YES_ERROR;
				GCC_WARN_UNDECLARED_SELECTOR = YES;
				GCC_WARN_UNINITIALIZED_AUTOS = YES_AGGRESSIVE;
				GCC_WARN_UNUSED_FUNCTION = YES;
				GCC_WARN_UNUSED_VARIABLE = YES;
				IPHONEOS_DEPLOYMENT_TARGET = 13.2;
				MTL_ENABLE_DEBUG_INFO = INCLUDE_SOURCE;
				MTL_FAST_MATH = YES;
				ONLY_ACTIVE_ARCH = YES;
				SDKROOT = iphoneos;
				SWIFT_ACTIVE_COMPILATION_CONDITIONS = DEBUG;
				SWIFT_OPTIMIZATION_LEVEL = "-Onone";
			};
			name = Debug;
		};
		752AC9F324859551000A3557 /* Release */ = {
			isa = XCBuildConfiguration;
			buildSettings = {
				ALWAYS_SEARCH_USER_PATHS = NO;
				CLANG_ANALYZER_NONNULL = YES;
				CLANG_ANALYZER_NUMBER_OBJECT_CONVERSION = YES_AGGRESSIVE;
				CLANG_CXX_LANGUAGE_STANDARD = "gnu++14";
				CLANG_CXX_LIBRARY = "libc++";
				CLANG_ENABLE_MODULES = YES;
				CLANG_ENABLE_OBJC_ARC = YES;
				CLANG_ENABLE_OBJC_WEAK = YES;
				CLANG_WARN_BLOCK_CAPTURE_AUTORELEASING = YES;
				CLANG_WARN_BOOL_CONVERSION = YES;
				CLANG_WARN_COMMA = YES;
				CLANG_WARN_CONSTANT_CONVERSION = YES;
				CLANG_WARN_DEPRECATED_OBJC_IMPLEMENTATIONS = YES;
				CLANG_WARN_DIRECT_OBJC_ISA_USAGE = YES_ERROR;
				CLANG_WARN_DOCUMENTATION_COMMENTS = YES;
				CLANG_WARN_EMPTY_BODY = YES;
				CLANG_WARN_ENUM_CONVERSION = YES;
				CLANG_WARN_INFINITE_RECURSION = YES;
				CLANG_WARN_INT_CONVERSION = YES;
				CLANG_WARN_NON_LITERAL_NULL_CONVERSION = YES;
				CLANG_WARN_OBJC_IMPLICIT_RETAIN_SELF = YES;
				CLANG_WARN_OBJC_LITERAL_CONVERSION = YES;
				CLANG_WARN_OBJC_ROOT_CLASS = YES_ERROR;
				CLANG_WARN_RANGE_LOOP_ANALYSIS = YES;
				CLANG_WARN_STRICT_PROTOTYPES = YES;
				CLANG_WARN_SUSPICIOUS_MOVE = YES;
				CLANG_WARN_UNGUARDED_AVAILABILITY = YES_AGGRESSIVE;
				CLANG_WARN_UNREACHABLE_CODE = YES;
				CLANG_WARN__DUPLICATE_METHOD_MATCH = YES;
				COPY_PHASE_STRIP = NO;
				DEBUG_INFORMATION_FORMAT = "dwarf-with-dsym";
				ENABLE_NS_ASSERTIONS = NO;
				ENABLE_STRICT_OBJC_MSGSEND = YES;
				GCC_C_LANGUAGE_STANDARD = gnu11;
				GCC_NO_COMMON_BLOCKS = YES;
				GCC_WARN_64_TO_32_BIT_CONVERSION = YES;
				GCC_WARN_ABOUT_RETURN_TYPE = YES_ERROR;
				GCC_WARN_UNDECLARED_SELECTOR = YES;
				GCC_WARN_UNINITIALIZED_AUTOS = YES_AGGRESSIVE;
				GCC_WARN_UNUSED_FUNCTION = YES;
				GCC_WARN_UNUSED_VARIABLE = YES;
				IPHONEOS_DEPLOYMENT_TARGET = 13.2;
				MTL_ENABLE_DEBUG_INFO = NO;
				MTL_FAST_MATH = YES;
				SDKROOT = iphoneos;
				SWIFT_COMPILATION_MODE = wholemodule;
				SWIFT_OPTIMIZATION_LEVEL = "-O";
				VALIDATE_PRODUCT = YES;
			};
			name = Release;
		};
		752AC9F524859551000A3557 /* Debug */ = {
			isa = XCBuildConfiguration;
			buildSettings = {
				ASSETCATALOG_COMPILER_APPICON_NAME = AppIcon;
				CODE_SIGN_STYLE = Automatic;
				DEVELOPMENT_TEAM = 5S7YBLZ896;
				INFOPLIST_FILE = Pokemon/Info.plist;
				LD_RUNPATH_SEARCH_PATHS = (
					"$(inherited)",
					"@executable_path/Frameworks",
				);
				PRODUCT_BUNDLE_IDENTIFIER = Thiago.Pokemon;
				PRODUCT_NAME = "$(TARGET_NAME)";
				SWIFT_VERSION = 5.0;
				TARGETED_DEVICE_FAMILY = "1,2";
			};
			name = Debug;
		};
		752AC9F624859551000A3557 /* Release */ = {
			isa = XCBuildConfiguration;
			buildSettings = {
				ASSETCATALOG_COMPILER_APPICON_NAME = AppIcon;
				CODE_SIGN_STYLE = Automatic;
				DEVELOPMENT_TEAM = 5S7YBLZ896;
				INFOPLIST_FILE = Pokemon/Info.plist;
				LD_RUNPATH_SEARCH_PATHS = (
					"$(inherited)",
					"@executable_path/Frameworks",
				);
				PRODUCT_BUNDLE_IDENTIFIER = Thiago.Pokemon;
				PRODUCT_NAME = "$(TARGET_NAME)";
				SWIFT_VERSION = 5.0;
				TARGETED_DEVICE_FAMILY = "1,2";
			};
			name = Release;
		};
		752AC9F824859551000A3557 /* Debug */ = {
			isa = XCBuildConfiguration;
			buildSettings = {
				ALWAYS_EMBED_SWIFT_STANDARD_LIBRARIES = YES;
				BUNDLE_LOADER = "$(TEST_HOST)";
				"CODE_SIGN_IDENTITY[sdk=macosx*]" = "Apple Development";
				CODE_SIGN_STYLE = Automatic;
				DEVELOPMENT_TEAM = 5S7YBLZ896;
				INFOPLIST_FILE = PokemonTests/Info.plist;
				IPHONEOS_DEPLOYMENT_TARGET = 13.2;
				LD_RUNPATH_SEARCH_PATHS = (
					"$(inherited)",
					"@executable_path/Frameworks",
					"@loader_path/Frameworks",
				);
				PRODUCT_BUNDLE_IDENTIFIER = Thiago.PokemonTests;
				PRODUCT_NAME = "$(TARGET_NAME)";
				SWIFT_VERSION = 5.0;
				TARGETED_DEVICE_FAMILY = "1,2";
				TEST_HOST = "$(BUILT_PRODUCTS_DIR)/Pokemon.app/Pokemon";
			};
			name = Debug;
		};
		752AC9F924859551000A3557 /* Release */ = {
			isa = XCBuildConfiguration;
			buildSettings = {
				ALWAYS_EMBED_SWIFT_STANDARD_LIBRARIES = YES;
				BUNDLE_LOADER = "$(TEST_HOST)";
				"CODE_SIGN_IDENTITY[sdk=macosx*]" = "Apple Development";
				CODE_SIGN_STYLE = Automatic;
				DEVELOPMENT_TEAM = 5S7YBLZ896;
				INFOPLIST_FILE = PokemonTests/Info.plist;
				IPHONEOS_DEPLOYMENT_TARGET = 13.2;
				LD_RUNPATH_SEARCH_PATHS = (
					"$(inherited)",
					"@executable_path/Frameworks",
					"@loader_path/Frameworks",
				);
				PRODUCT_BUNDLE_IDENTIFIER = Thiago.PokemonTests;
				PRODUCT_NAME = "$(TARGET_NAME)";
				SWIFT_VERSION = 5.0;
				TARGETED_DEVICE_FAMILY = "1,2";
				TEST_HOST = "$(BUILT_PRODUCTS_DIR)/Pokemon.app/Pokemon";
			};
			name = Release;
		};
/* End XCBuildConfiguration section */

/* Begin XCConfigurationList section */
		752AC9D02485954E000A3557 /* Build configuration list for PBXProject "Pokemon" */ = {
			isa = XCConfigurationList;
			buildConfigurations = (
				752AC9F224859551000A3557 /* Debug */,
				752AC9F324859551000A3557 /* Release */,
			);
			defaultConfigurationIsVisible = 0;
			defaultConfigurationName = Release;
		};
		752AC9F424859551000A3557 /* Build configuration list for PBXNativeTarget "Pokemon" */ = {
			isa = XCConfigurationList;
			buildConfigurations = (
				752AC9F524859551000A3557 /* Debug */,
				752AC9F624859551000A3557 /* Release */,
			);
			defaultConfigurationIsVisible = 0;
			defaultConfigurationName = Release;
		};
		752AC9F724859551000A3557 /* Build configuration list for PBXNativeTarget "PokemonTests" */ = {
			isa = XCConfigurationList;
			buildConfigurations = (
				752AC9F824859551000A3557 /* Debug */,
				752AC9F924859551000A3557 /* Release */,
			);
			defaultConfigurationIsVisible = 0;
			defaultConfigurationName = Release;
		};
/* End XCConfigurationList section */
	};
	rootObject = 752AC9CD2485954E000A3557 /* Project object */;
}
